{
  "name": "causal-order-proving",
  "version": "1.0.0",
  "lockfileVersion": 3,
  "requires": true,
  "packages": {
    "": {
      "name": "causal-order-proving",
      "version": "1.0.0",
      "license": "MIT",
      "dependencies": {
        "@causal-order/dedupe": "^1.2.0",
        "@causal-order/monitor": "file:.release-candidates/causal-order-monitor-0.6.1.tgz",
        "@causal-order/testing": "file:.release-candidates/causal-order-testing-0.3.3.tgz",
        "@causal-order/transport": "file:.release-candidates/causal-order-transport-0.2.1.tgz",
        "causal-order": "^1.0.1"
      }
    },
    "node_modules/@causal-order/dedupe": {
      "version": "1.2.0",
      "resolved": "https://registry.npmjs.org/@causal-order/dedupe/-/dedupe-1.2.0.tgz",
      "integrity": "sha512-S1oS7+PdKHmmwH357zV/T16uFlAywd0ifWX7EOr0iGkbcP5EpRvR5b9f+jVmQ3IRYqaaYryCquI5xgsVS7atqw==",
      "license": "MIT",
      "dependencies": {
        "causal-order": "^1.0.0"
      },
      "engines": {
        "node": ">=22.13.0"
      }
    },
    "node_modules/@causal-order/monitor": {
      "version": "0.6.1",
      "resolved": "file:.release-candidates/causal-order-monitor-0.6.1.tgz",
      "integrity": "sha512-vTNOzTmifbJUs6zxrdP5f5cyUDyATOOnV8yHRcrfTHemCiowWHpgtcwZzkRtqUVU9Zn9jSt+RmgyRCudyD7VdA==",
      "license": "MIT",
      "engines": {
        "node": ">=22.13.0"
      },
      "peerDependencies": {
        "@causal-order/dedupe": "^1.1.1",
        "@causal-order/transport": "^0.2.0",
        "causal-order": "^1.0.0"
      }
    },
    "node_modules/@causal-order/testing": {
      "version": "0.3.3",
      "resolved": "file:.release-candidates/causal-order-testing-0.3.3.tgz",
      "integrity": "sha512-Zr2pBRjky6LAAXMtm8NEgEgjAouOyk0OPQYHb/yDHf98fhZ4HT9GvFNtXWzOmEv0/FyhWlB4evDdQgBaOD1NXA==",
      "license": "MIT",
      "bin": {
        "causal-order-testing-adapter-runtime": "bin/causal-order-testing-adapter-runtime.js",
        "causal-order-testing-compare": "bin/causal-order-testing-compare.js",
        "causal-order-testing-duplicates": "bin/causal-order-testing-duplicates.js",
        "causal-order-testing-latest": "bin/causal-order-testing-latest.js",
        "causal-order-testing-runtime": "bin/causal-order-testing-runtime.js",
        "causal-order-testing-runtime-rejoin": "bin/causal-order-testing-runtime-rejoin.js",
        "causal-order-testing-summary": "bin/causal-order-testing-summary.js"
      },
      "engines": {
        "node": ">=22.13.0"
      },
      "peerDependencies": {
        "@causal-order/dedupe": "^1.2.0",
        "@causal-order/monitor": "^0.6.0",
        "@causal-order/transport": "^0.2.0",
        "causal-order": "^1.0.0"
      }
    },
    "node_modules/@causal-order/transport": {
      "version": "0.2.1",
      "resolved": "file:.release-candidates/causal-order-transport-0.2.1.tgz",
      "integrity": "sha512-SdlUTKWjpBknVxwOlkuaIezHuFrIFTzsjaMvbMw8mEUYf4AtUuqmEl1ihz6jPnWuEbnWQUdXTxB85XC1+g/bmA==",
      "license": "MIT",
      "dependencies": {
        "@causal-order/dedupe": "^1.1.1",
        "causal-order": "^1.0.0"
      },
      "engines": {
        "node": ">=22"
      }
    },
    "node_modules/causal-order": {
      "version": "1.0.1",
      "resolved": "https://registry.npmjs.org/causal-order/-/causal-order-1.0.1.tgz",
      "integrity": "sha512-WIdOqSQ3D5RhABD/yBHOlOkOr8GWBh1ljJd1mhPSRt2koSIuKcUo7Z57Hcrydi7qj/s+6FrQJVqbSjz6KXcEQg==",
      "license": "MIT",
      "engines": {
        "node": ">=22.13.0"
      }
    }
  }
}
