{
  "name": "causal-order-proving",
  "version": "1.0.0",
  "lockfileVersion": 3,
  "requires": true,
  "packages": {
    "": {
      "name": "causal-order-proving",
      "version": "1.0.0",
      "license": "MIT",
      "dependencies": {
        "@causal-order/dedupe": "^1.2.0",
        "@causal-order/monitor": "^0.6.0",
        "@causal-order/testing": "^0.3.1",
        "@causal-order/transport": "^0.2.0",
        "causal-order": "^1.0.1"
      }
    },
    "node_modules/@causal-order/dedupe": {
      "version": "1.2.0",
      "resolved": "https://registry.npmjs.org/@causal-order/dedupe/-/dedupe-1.2.0.tgz",
      "integrity": "sha512-S1oS7+PdKHmmwH357zV/T16uFlAywd0ifWX7EOr0iGkbcP5EpRvR5b9f+jVmQ3IRYqaaYryCquI5xgsVS7atqw==",
      "license": "MIT",
      "dependencies": {
        "causal-order": "^1.0.0"
      },
      "engines": {
        "node": ">=22.13.0"
      }
    },
    "node_modules/@causal-order/monitor": {
      "version": "0.6.0",
      "resolved": "https://registry.npmjs.org/@causal-order/monitor/-/monitor-0.6.0.tgz",
      "integrity": "sha512-enD9tuzMEZuT1CsCYmLGjgs1dC+rlqReDcn1tmrVHEkwWP6jwqwqvnuA9zO8+JpOU3yvayrFX7PzQ8IVLzmGMg==",
      "license": "MIT",
      "engines": {
        "node": ">=22.13.0"
      },
      "peerDependencies": {
        "@causal-order/dedupe": "^1.1.1",
        "@causal-order/transport": "^0.2.0",
        "causal-order": "^1.0.0"
      }
    },
    "node_modules/@causal-order/testing": {
      "version": "0.3.1",
      "resolved": "https://registry.npmjs.org/@causal-order/testing/-/testing-0.3.1.tgz",
      "integrity": "sha512-Rw9TLEXOKdXEFM+5WMOnvgySJUdT/0GR2yk3ns1jXWHNf0dRmaICrLdBvACMJNsCJ97ZURwofebuEn+GEM4fdw==",
      "license": "MIT",
      "bin": {
        "causal-order-testing-adapter-runtime": "bin/causal-order-testing-adapter-runtime.js",
        "causal-order-testing-compare": "bin/causal-order-testing-compare.js",
        "causal-order-testing-duplicates": "bin/causal-order-testing-duplicates.js",
        "causal-order-testing-latest": "bin/causal-order-testing-latest.js",
        "causal-order-testing-runtime": "bin/causal-order-testing-runtime.js",
        "causal-order-testing-runtime-rejoin": "bin/causal-order-testing-runtime-rejoin.js",
        "causal-order-testing-summary": "bin/causal-order-testing-summary.js"
      },
      "engines": {
        "node": ">=22.13.0"
      },
      "peerDependencies": {
        "@causal-order/dedupe": "^1.2.0",
        "@causal-order/monitor": "^0.6.0",
        "@causal-order/transport": "^0.2.0",
        "causal-order": "^1.0.0"
      }
    },
    "node_modules/@causal-order/transport": {
      "version": "0.2.0",
      "resolved": "https://registry.npmjs.org/@causal-order/transport/-/transport-0.2.0.tgz",
      "integrity": "sha512-xlkhLZMxQ5oDaMJC/uV2PBgzzl/IasNcsirlIlqz90+M/zUvXO8j6+9KLmM/ldXhoVdTCqWIEavxXT4dRVlHCQ==",
      "license": "MIT",
      "dependencies": {
        "@causal-order/dedupe": "^1.1.1",
        "causal-order": "^1.0.0"
      },
      "engines": {
        "node": ">=22"
      }
    },
    "node_modules/causal-order": {
      "version": "1.0.1",
      "resolved": "https://registry.npmjs.org/causal-order/-/causal-order-1.0.1.tgz",
      "integrity": "sha512-WIdOqSQ3D5RhABD/yBHOlOkOr8GWBh1ljJd1mhPSRt2koSIuKcUo7Z57Hcrydi7qj/s+6FrQJVqbSjz6KXcEQg==",
      "license": "MIT",
      "engines": {
        "node": ">=22.13.0"
      }
    }
  }
}
